
Microsoft Visual Studio Solution File, Format Version 12.00
# Visual Studio Version 17
VisualStudioVersion = 17.0.32112.339
MinimumVisualStudioVersion = 10.0.40219.1
Project("{FAE04EC0-301F-11D3-BF4B-00C04F79EFBC}") = "Candidate", "Candidate\Candidate.csproj", "{420D57D7-F602-4060-8239-DAC537BF8AFF}"
EndProject
Project("{FAE04EC0-301F-11D3-BF4B-00C04F79EFBC}") = "Candidate.BusinessLogic", "Candidate.BusinessLogic\Candidate.BusinessLogic.csproj", "{35BC6615-333D-4BAC-81A6-0F3247A0F57E}"
EndProject
Project("{FAE04EC0-301F-11D3-BF4B-00C04F79EFBC}") = "CandidatePortal", "CandidatePortal\CandidatePortal.csproj", "{62456E63-DF9D-427D-B912-6047DF964B16}"
EndProject
Global
	GlobalSection(SolutionConfigurationPlatforms) = preSolution
		Debug|Any CPU = Debug|Any CPU
		Release|Any CPU = Release|Any CPU
	EndGlobalSection
	GlobalSection(ProjectConfigurationPlatforms) = postSolution
		{420D57D7-F602-4060-8239-DAC537BF8AFF}.Debug|Any CPU.ActiveCfg = Debug|Any CPU
		{420D57D7-F602-4060-8239-DAC537BF8AFF}.Debug|Any CPU.Build.0 = Debug|Any CPU
		{420D57D7-F602-4060-8239-DAC537BF8AFF}.Release|Any CPU.ActiveCfg = Release|Any CPU
		{420D57D7-F602-4060-8239-DAC537BF8AFF}.Release|Any CPU.Build.0 = Release|Any CPU
		{35BC6615-333D-4BAC-81A6-0F3247A0F57E}.Debug|Any CPU.ActiveCfg = Debug|Any CPU
		{35BC6615-333D-4BAC-81A6-0F3247A0F57E}.Debug|Any CPU.Build.0 = Debug|Any CPU
		{35BC6615-333D-4BAC-81A6-0F3247A0F57E}.Release|Any CPU.ActiveCfg = Release|Any CPU
		{35BC6615-333D-4BAC-81A6-0F3247A0F57E}.Release|Any CPU.Build.0 = Release|Any CPU
		{62456E63-DF9D-427D-B912-6047DF964B16}.Debug|Any CPU.ActiveCfg = Debug|Any CPU
		{62456E63-DF9D-427D-B912-6047DF964B16}.Debug|Any CPU.Build.0 = Debug|Any CPU
		{62456E63-DF9D-427D-B912-6047DF964B16}.Release|Any CPU.ActiveCfg = Release|Any CPU
		{62456E63-DF9D-427D-B912-6047DF964B16}.Release|Any CPU.Build.0 = Release|Any CPU
	EndGlobalSection
	GlobalSection(SolutionProperties) = preSolution
		HideSolutionNode = FALSE
	EndGlobalSection
	GlobalSection(ExtensibilityGlobals) = postSolution
		SolutionGuid = {B1ACB7FD-DF75-460E-A4EF-1E1B186E6DA0}
	EndGlobalSection
EndGlobal
